
Microsoft Visual Studio Solution File, Format Version 10.00
# Visual Studio 2008
Project("{8BC9CEB8-8B4A-11D0-8D11-00A0C91BC942}") = "type_training", "type_training.vcproj", "{FC9893BA-C256-4D77-B24E-4E98E1C5A770}"
EndProject
Global
	GlobalSection(SolutionConfigurationPlatforms) = preSolution
		Debug|Win32 = Debug|Win32
		Release|Win32 = Release|Win32
	EndGlobalSection
	GlobalSection(ProjectConfigurationPlatforms) = postSolution
		{FC9893BA-C256-4D77-B24E-4E98E1C5A770}.Debug|Win32.ActiveCfg = Debug|Win32
		{FC9893BA-C256-4D77-B24E-4E98E1C5A770}.Debug|Win32.Build.0 = Debug|Win32
		{FC9893BA-C256-4D77-B24E-4E98E1C5A770}.Release|Win32.ActiveCfg = Release|Win32
		{FC9893BA-C256-4D77-B24E-4E98E1C5A770}.Release|Win32.Build.0 = Release|Win32
	EndGlobalSection
	GlobalSection(SolutionProperties) = preSolution
		HideSolutionNode = FALSE
	EndGlobalSection
EndGlobal
